
Microsoft Visual Studio Solution File, Format Version 12.00
# Visual Studio Version 17
VisualStudioVersion = 17.4.33110.190
MinimumVisualStudioVersion = 10.0.40219.1
Project("{9A19103F-16F7-4668-BE54-9A1E7A4F7556}") = "MoneyLoris.Web", "src\MoneyLoris.Web\MoneyLoris.Web.csproj", "{02E52245-DA2F-4011-B52F-463C9B2827DA}"
EndProject
Project("{2150E333-8FDC-42A3-9474-1A3956D46DE8}") = "src", "src", "{76A8CA25-E122-438B-AB76-B4C94C071E14}"
EndProject
Project("{9A19103F-16F7-4668-BE54-9A1E7A4F7556}") = "MoneyLoris.Application", "src\MoneyLoris.Application\MoneyLoris.Application.csproj", "{FA85F1F4-4DF4-4101-8D43-2C5BC54D6218}"
EndProject
Project("{9A19103F-16F7-4668-BE54-9A1E7A4F7556}") = "MoneyLoris.Infrastructure", "src\MoneyLoris.Infrastructure\MoneyLoris.Infrastructure.csproj", "{35012F81-2703-46AC-A002-D1907AE9F7B7}"
EndProject
Project("{9A19103F-16F7-4668-BE54-9A1E7A4F7556}") = "MoneyLoris.Application.Stubs", "src\MoneyLoris.Application.Stubs\MoneyLoris.Application.Stubs.csproj", "{8D8DFEC8-A562-40AE-BC9D-8E6CC4D49149}"
EndProject
Project("{2150E333-8FDC-42A3-9474-1A3956D46DE8}") = "tests", "tests", "{D51312F2-DE03-42DF-8756-3ED9A81BDFA1}"
EndProject
Project("{9A19103F-16F7-4668-BE54-9A1E7A4F7556}") = "MoneyLoris.Tests.Integration", "tests\MoneyLoris.Tests.Integration\MoneyLoris.Tests.Integration.csproj", "{F5CFE5CB-E304-4B08-ABC7-319EACD87C9E}"
EndProject
Project("{FAE04EC0-301F-11D3-BF4B-00C04F79EFBC}") = "MoneyLoris.Tests.Unit", "tests\MoneyLoris.Tests.Unit\MoneyLoris.Tests.Unit.csproj", "{61084AE1-39C8-46B4-952A-B28E68E294D1}"
EndProject
Global
	GlobalSection(SolutionConfigurationPlatforms) = preSolution
		Debug|Any CPU = Debug|Any CPU
		Release|Any CPU = Release|Any CPU
	EndGlobalSection
	GlobalSection(ProjectConfigurationPlatforms) = postSolution
		{02E52245-DA2F-4011-B52F-463C9B2827DA}.Debug|Any CPU.ActiveCfg = Debug|Any CPU
		{02E52245-DA2F-4011-B52F-463C9B2827DA}.Debug|Any CPU.Build.0 = Debug|Any CPU
		{02E52245-DA2F-4011-B52F-463C9B2827DA}.Release|Any CPU.ActiveCfg = Release|Any CPU
		{02E52245-DA2F-4011-B52F-463C9B2827DA}.Release|Any CPU.Build.0 = Release|Any CPU
		{FA85F1F4-4DF4-4101-8D43-2C5BC54D6218}.Debug|Any CPU.ActiveCfg = Debug|Any CPU
		{FA85F1F4-4DF4-4101-8D43-2C5BC54D6218}.Debug|Any CPU.Build.0 = Debug|Any CPU
		{FA85F1F4-4DF4-4101-8D43-2C5BC54D6218}.Release|Any CPU.ActiveCfg = Release|Any CPU
		{FA85F1F4-4DF4-4101-8D43-2C5BC54D6218}.Release|Any CPU.Build.0 = Release|Any CPU
		{35012F81-2703-46AC-A002-D1907AE9F7B7}.Debug|Any CPU.ActiveCfg = Debug|Any CPU
		{35012F81-2703-46AC-A002-D1907AE9F7B7}.Debug|Any CPU.Build.0 = Debug|Any CPU
		{35012F81-2703-46AC-A002-D1907AE9F7B7}.Release|Any CPU.ActiveCfg = Release|Any CPU
		{35012F81-2703-46AC-A002-D1907AE9F7B7}.Release|Any CPU.Build.0 = Release|Any CPU
		{8D8DFEC8-A562-40AE-BC9D-8E6CC4D49149}.Debug|Any CPU.ActiveCfg = Debug|Any CPU
		{8D8DFEC8-A562-40AE-BC9D-8E6CC4D49149}.Debug|Any CPU.Build.0 = Debug|Any CPU
		{8D8DFEC8-A562-40AE-BC9D-8E6CC4D49149}.Release|Any CPU.ActiveCfg = Release|Any CPU
		{8D8DFEC8-A562-40AE-BC9D-8E6CC4D49149}.Release|Any CPU.Build.0 = Release|Any CPU
		{F5CFE5CB-E304-4B08-ABC7-319EACD87C9E}.Debug|Any CPU.ActiveCfg = Debug|Any CPU
		{F5CFE5CB-E304-4B08-ABC7-319EACD87C9E}.Debug|Any CPU.Build.0 = Debug|Any CPU
		{F5CFE5CB-E304-4B08-ABC7-319EACD87C9E}.Release|Any CPU.ActiveCfg = Release|Any CPU
		{F5CFE5CB-E304-4B08-ABC7-319EACD87C9E}.Release|Any CPU.Build.0 = Release|Any CPU
		{61084AE1-39C8-46B4-952A-B28E68E294D1}.Debug|Any CPU.ActiveCfg = Debug|Any CPU
		{61084AE1-39C8-46B4-952A-B28E68E294D1}.Debug|Any CPU.Build.0 = Debug|Any CPU
		{61084AE1-39C8-46B4-952A-B28E68E294D1}.Release|Any CPU.ActiveCfg = Release|Any CPU
		{61084AE1-39C8-46B4-952A-B28E68E294D1}.Release|Any CPU.Build.0 = Release|Any CPU
	EndGlobalSection
	GlobalSection(SolutionProperties) = preSolution
		HideSolutionNode = FALSE
	EndGlobalSection
	GlobalSection(NestedProjects) = preSolution
		{02E52245-DA2F-4011-B52F-463C9B2827DA} = {76A8CA25-E122-438B-AB76-B4C94C071E14}
		{FA85F1F4-4DF4-4101-8D43-2C5BC54D6218} = {76A8CA25-E122-438B-AB76-B4C94C071E14}
		{35012F81-2703-46AC-A002-D1907AE9F7B7} = {76A8CA25-E122-438B-AB76-B4C94C071E14}
		{8D8DFEC8-A562-40AE-BC9D-8E6CC4D49149} = {76A8CA25-E122-438B-AB76-B4C94C071E14}
		{F5CFE5CB-E304-4B08-ABC7-319EACD87C9E} = {D51312F2-DE03-42DF-8756-3ED9A81BDFA1}
		{61084AE1-39C8-46B4-952A-B28E68E294D1} = {D51312F2-DE03-42DF-8756-3ED9A81BDFA1}
	EndGlobalSection
	GlobalSection(ExtensibilityGlobals) = postSolution
		SolutionGuid = {CBE44321-0823-402C-B657-2A555B4764F2}
	EndGlobalSection
EndGlobal
